
Microsoft Visual Studio Solution File, Format Version 12.00
# Visual Studio Version 17
VisualStudioVersion = 17.4.33110.190
MinimumVisualStudioVersion = 10.0.40219.1
Project("{FAE04EC0-301F-11D3-BF4B-00C04F79EFBC}") = "ConceptPoint2", "ConceptPoint2.csproj", "{932659F8-83EE-4FD3-82B9-958B512ECCAB}"
EndProject
Global
	GlobalSection(SolutionConfigurationPlatforms) = preSolution
		Debug|Any CPU = Debug|Any CPU
		Release|Any CPU = Release|Any CPU
	EndGlobalSection
	GlobalSection(ProjectConfigurationPlatforms) = postSolution
		{932659F8-83EE-4FD3-82B9-958B512ECCAB}.Debug|Any CPU.ActiveCfg = Debug|Any CPU
		{932659F8-83EE-4FD3-82B9-958B512ECCAB}.Debug|Any CPU.Build.0 = Debug|Any CPU
		{932659F8-83EE-4FD3-82B9-958B512ECCAB}.Release|Any CPU.ActiveCfg = Release|Any CPU
		{932659F8-83EE-4FD3-82B9-958B512ECCAB}.Release|Any CPU.Build.0 = Release|Any CPU
	EndGlobalSection
	GlobalSection(SolutionProperties) = preSolution
		HideSolutionNode = FALSE
	EndGlobalSection
	GlobalSection(ExtensibilityGlobals) = postSolution
		SolutionGuid = {FCF8B404-D13B-41F7-B822-6D3AF2027D25}
	EndGlobalSection
EndGlobal
